
Microsoft Visual Studio Solution File, Format Version 12.00
# Visual Studio Version 17
VisualStudioVersion = 17.7.34221.43
MinimumVisualStudioVersion = 10.0.40219.1
Project("{FAE04EC0-301F-11D3-BF4B-00C04F79EFBC}") = "FractionMath", "FractionMath\FractionMath.csproj", "{23FEE263-7B87-4BC2-BA35-B94EA0FE38C3}"
EndProject
Project("{FAE04EC0-301F-11D3-BF4B-00C04F79EFBC}") = "Fraction.UnitTesting", "Fraction.UnitTesting\Fraction.UnitTesting.csproj", "{AC7E5751-5053-49F5-BA7D-1008F896E83B}"
EndProject
Global
	GlobalSection(SolutionConfigurationPlatforms) = preSolution
		Debug|Any CPU = Debug|Any CPU
		Release|Any CPU = Release|Any CPU
	EndGlobalSection
	GlobalSection(ProjectConfigurationPlatforms) = postSolution
		{23FEE263-7B87-4BC2-BA35-B94EA0FE38C3}.Debug|Any CPU.ActiveCfg = Debug|Any CPU
		{23FEE263-7B87-4BC2-BA35-B94EA0FE38C3}.Debug|Any CPU.Build.0 = Debug|Any CPU
		{23FEE263-7B87-4BC2-BA35-B94EA0FE38C3}.Release|Any CPU.ActiveCfg = Release|Any CPU
		{23FEE263-7B87-4BC2-BA35-B94EA0FE38C3}.Release|Any CPU.Build.0 = Release|Any CPU
		{AC7E5751-5053-49F5-BA7D-1008F896E83B}.Debug|Any CPU.ActiveCfg = Debug|Any CPU
		{AC7E5751-5053-49F5-BA7D-1008F896E83B}.Debug|Any CPU.Build.0 = Debug|Any CPU
		{AC7E5751-5053-49F5-BA7D-1008F896E83B}.Release|Any CPU.ActiveCfg = Release|Any CPU
		{AC7E5751-5053-49F5-BA7D-1008F896E83B}.Release|Any CPU.Build.0 = Release|Any CPU
	EndGlobalSection
	GlobalSection(SolutionProperties) = preSolution
		HideSolutionNode = FALSE
	EndGlobalSection
	GlobalSection(ExtensibilityGlobals) = postSolution
		SolutionGuid = {39AF5F30-2BDE-412E-9D4C-644942434E28}
	EndGlobalSection
EndGlobal
