
Microsoft Visual Studio Solution File, Format Version 12.00
# Visual Studio Version 17
VisualStudioVersion = 17.7.34031.279
MinimumVisualStudioVersion = 10.0.40219.1
Project("{FAE04EC0-301F-11D3-BF4B-00C04F79EFBC}") = "Sprint_2.1_Jan_Inge", "Sprint_2.1_Jan_Inge\Sprint_2.1_Jan_Inge.csproj", "{5FC1105C-D274-4D7F-B292-606C9891970E}"
EndProject
Global
	GlobalSection(SolutionConfigurationPlatforms) = preSolution
		Debug|Any CPU = Debug|Any CPU
		Release|Any CPU = Release|Any CPU
	EndGlobalSection
	GlobalSection(ProjectConfigurationPlatforms) = postSolution
		{5FC1105C-D274-4D7F-B292-606C9891970E}.Debug|Any CPU.ActiveCfg = Debug|Any CPU
		{5FC1105C-D274-4D7F-B292-606C9891970E}.Debug|Any CPU.Build.0 = Debug|Any CPU
		{5FC1105C-D274-4D7F-B292-606C9891970E}.Release|Any CPU.ActiveCfg = Release|Any CPU
		{5FC1105C-D274-4D7F-B292-606C9891970E}.Release|Any CPU.Build.0 = Release|Any CPU
	EndGlobalSection
	GlobalSection(SolutionProperties) = preSolution
		HideSolutionNode = FALSE
	EndGlobalSection
	GlobalSection(ExtensibilityGlobals) = postSolution
		SolutionGuid = {F81684F9-EA81-4ED8-A4A5-D8479E97E159}
	EndGlobalSection
EndGlobal
