
Microsoft Visual Studio Solution File, Format Version 12.00
# Visual Studio Version 17
VisualStudioVersion = 17.7.34031.279
MinimumVisualStudioVersion = 10.0.40219.1
Project("{FAE04EC0-301F-11D3-BF4B-00C04F79EFBC}") = "Week_One_Examples", "Week_One_Examples\Week_One_Examples.csproj", "{B64399F1-8E5B-4346-8734-B066966C0359}"
EndProject
Global
	GlobalSection(SolutionConfigurationPlatforms) = preSolution
		Debug|Any CPU = Debug|Any CPU
		Release|Any CPU = Release|Any CPU
	EndGlobalSection
	GlobalSection(ProjectConfigurationPlatforms) = postSolution
		{B64399F1-8E5B-4346-8734-B066966C0359}.Debug|Any CPU.ActiveCfg = Debug|Any CPU
		{B64399F1-8E5B-4346-8734-B066966C0359}.Debug|Any CPU.Build.0 = Debug|Any CPU
		{B64399F1-8E5B-4346-8734-B066966C0359}.Release|Any CPU.ActiveCfg = Release|Any CPU
		{B64399F1-8E5B-4346-8734-B066966C0359}.Release|Any CPU.Build.0 = Release|Any CPU
	EndGlobalSection
	GlobalSection(SolutionProperties) = preSolution
		HideSolutionNode = FALSE
	EndGlobalSection
	GlobalSection(ExtensibilityGlobals) = postSolution
		SolutionGuid = {83E75B9A-0F76-4836-8BA0-4F532DF5B16B}
	EndGlobalSection
EndGlobal
