
Microsoft Visual Studio Solution File, Format Version 12.00
# Visual Studio Version 17
VisualStudioVersion = 17.7.34031.279
MinimumVisualStudioVersion = 10.0.40219.1
Project("{FAE04EC0-301F-11D3-BF4B-00C04F79EFBC}") = "ConsoleApp1", "ConsoleApp1\ConsoleApp1.csproj", "{BFE3DA9A-BC17-4AB8-B6B4-5BCC02E96F26}"
EndProject
Global
	GlobalSection(SolutionConfigurationPlatforms) = preSolution
		Debug|Any CPU = Debug|Any CPU
		Release|Any CPU = Release|Any CPU
	EndGlobalSection
	GlobalSection(ProjectConfigurationPlatforms) = postSolution
		{BFE3DA9A-BC17-4AB8-B6B4-5BCC02E96F26}.Debug|Any CPU.ActiveCfg = Debug|Any CPU
		{BFE3DA9A-BC17-4AB8-B6B4-5BCC02E96F26}.Debug|Any CPU.Build.0 = Debug|Any CPU
		{BFE3DA9A-BC17-4AB8-B6B4-5BCC02E96F26}.Release|Any CPU.ActiveCfg = Release|Any CPU
		{BFE3DA9A-BC17-4AB8-B6B4-5BCC02E96F26}.Release|Any CPU.Build.0 = Release|Any CPU
	EndGlobalSection
	GlobalSection(SolutionProperties) = preSolution
		HideSolutionNode = FALSE
	EndGlobalSection
	GlobalSection(ExtensibilityGlobals) = postSolution
		SolutionGuid = {82A011B9-E523-4C43-A7CD-FFACFC79FC48}
	EndGlobalSection
EndGlobal
